
Microsoft Visual Studio Solution File, Format Version 12.00
# Visual Studio Version 17
VisualStudioVersion = 17.12.35707.178 d17.12
MinimumVisualStudioVersion = 10.0.40219.1
Project("{FAE04EC0-301F-11D3-BF4B-00C04F79EFBC}") = "OnlineShop", "OnlineShop\OnlineShop.csproj", "{979FF01F-D163-40CD-9221-6B89D76E6BA1}"
EndProject
Global
	GlobalSection(SolutionConfigurationPlatforms) = preSolution
		Debug|Any CPU = Debug|Any CPU
		Release|Any CPU = Release|Any CPU
	EndGlobalSection
	GlobalSection(ProjectConfigurationPlatforms) = postSolution
		{979FF01F-D163-40CD-9221-6B89D76E6BA1}.Debug|Any CPU.ActiveCfg = Debug|Any CPU
		{979FF01F-D163-40CD-9221-6B89D76E6BA1}.Debug|Any CPU.Build.0 = Debug|Any CPU
		{979FF01F-D163-40CD-9221-6B89D76E6BA1}.Release|Any CPU.ActiveCfg = Release|Any CPU
		{979FF01F-D163-40CD-9221-6B89D76E6BA1}.Release|Any CPU.Build.0 = Release|Any CPU
	EndGlobalSection
	GlobalSection(SolutionProperties) = preSolution
		HideSolutionNode = FALSE
	EndGlobalSection
EndGlobal
