
Microsoft Visual Studio Solution File, Format Version 12.00
# Visual Studio Version 17
VisualStudioVersion = 17.14.36301.6 d17.14
MinimumVisualStudioVersion = 10.0.40219.1
Project("{FAE04EC0-301F-11D3-BF4B-00C04F79EFBC}") = "OrderAPI", "OrderAPI\OrderAPI.csproj", "{207B9204-C29A-42A7-AC6E-998F85997FE1}"
EndProject
Project("{FAE04EC0-301F-11D3-BF4B-00C04F79EFBC}") = "Domain", "Domain\Domain.csproj", "{1943FB9B-1F41-49F4-A84A-8F6C2B0CEB98}"
EndProject
Project("{FAE04EC0-301F-11D3-BF4B-00C04F79EFBC}") = "DataAccess", "DataAccess\DataAccess.csproj", "{3F7F8647-AC72-4FE8-AAA7-9E57B291E7CC}"
EndProject
Global
	GlobalSection(SolutionConfigurationPlatforms) = preSolution
		Debug|Any CPU = Debug|Any CPU
		Release|Any CPU = Release|Any CPU
	EndGlobalSection
	GlobalSection(ProjectConfigurationPlatforms) = postSolution
		{207B9204-C29A-42A7-AC6E-998F85997FE1}.Debug|Any CPU.ActiveCfg = Debug|Any CPU
		{207B9204-C29A-42A7-AC6E-998F85997FE1}.Debug|Any CPU.Build.0 = Debug|Any CPU
		{207B9204-C29A-42A7-AC6E-998F85997FE1}.Release|Any CPU.ActiveCfg = Release|Any CPU
		{207B9204-C29A-42A7-AC6E-998F85997FE1}.Release|Any CPU.Build.0 = Release|Any CPU
		{1943FB9B-1F41-49F4-A84A-8F6C2B0CEB98}.Debug|Any CPU.ActiveCfg = Debug|Any CPU
		{1943FB9B-1F41-49F4-A84A-8F6C2B0CEB98}.Debug|Any CPU.Build.0 = Debug|Any CPU
		{1943FB9B-1F41-49F4-A84A-8F6C2B0CEB98}.Release|Any CPU.ActiveCfg = Release|Any CPU
		{1943FB9B-1F41-49F4-A84A-8F6C2B0CEB98}.Release|Any CPU.Build.0 = Release|Any CPU
		{3F7F8647-AC72-4FE8-AAA7-9E57B291E7CC}.Debug|Any CPU.ActiveCfg = Debug|Any CPU
		{3F7F8647-AC72-4FE8-AAA7-9E57B291E7CC}.Debug|Any CPU.Build.0 = Debug|Any CPU
		{3F7F8647-AC72-4FE8-AAA7-9E57B291E7CC}.Release|Any CPU.ActiveCfg = Release|Any CPU
		{3F7F8647-AC72-4FE8-AAA7-9E57B291E7CC}.Release|Any CPU.Build.0 = Release|Any CPU
	EndGlobalSection
	GlobalSection(SolutionProperties) = preSolution
		HideSolutionNode = FALSE
	EndGlobalSection
	GlobalSection(ExtensibilityGlobals) = postSolution
		SolutionGuid = {98D58A29-3D79-44A8-AFA2-3C3F1D7526A9}
	EndGlobalSection
EndGlobal
